
Microsoft Visual Studio Solution File, Format Version 12.00
# Visual Studio Version 17
VisualStudioVersion = 17.4.33122.133
MinimumVisualStudioVersion = 10.0.40219.1
Project("{FAE04EC0-301F-11D3-BF4B-00C04F79EFBC}") = "atividadeSolution", "atividadeSolution\atividadeSolution.csproj", "{F6122AEC-8BD9-4B41-BCAB-E8201E16557C}"
EndProject
Project("{FAE04EC0-301F-11D3-BF4B-00C04F79EFBC}") = "OpportunityPlugin", "OpportunityPlugin\OpportunityPlugin.csproj", "{94EB56F1-4EC6-461F-AFFB-2A9B401F3CCF}"
EndProject
Project("{D954291E-2A0B-460D-934E-DC6B0785DB48}") = "Atividade.SharedProject", "Atividade.SharedProject\Atividade.SharedProject.shproj", "{750ED350-F6A5-4213-8BB4-5F30ED008070}"
EndProject
Global
	GlobalSection(SolutionConfigurationPlatforms) = preSolution
		Debug|Any CPU = Debug|Any CPU
		Release|Any CPU = Release|Any CPU
	EndGlobalSection
	GlobalSection(ProjectConfigurationPlatforms) = postSolution
		{F6122AEC-8BD9-4B41-BCAB-E8201E16557C}.Debug|Any CPU.ActiveCfg = Debug|Any CPU
		{F6122AEC-8BD9-4B41-BCAB-E8201E16557C}.Debug|Any CPU.Build.0 = Debug|Any CPU
		{F6122AEC-8BD9-4B41-BCAB-E8201E16557C}.Release|Any CPU.ActiveCfg = Release|Any CPU
		{F6122AEC-8BD9-4B41-BCAB-E8201E16557C}.Release|Any CPU.Build.0 = Release|Any CPU
		{94EB56F1-4EC6-461F-AFFB-2A9B401F3CCF}.Debug|Any CPU.ActiveCfg = Debug|Any CPU
		{94EB56F1-4EC6-461F-AFFB-2A9B401F3CCF}.Debug|Any CPU.Build.0 = Debug|Any CPU
		{94EB56F1-4EC6-461F-AFFB-2A9B401F3CCF}.Release|Any CPU.ActiveCfg = Release|Any CPU
		{94EB56F1-4EC6-461F-AFFB-2A9B401F3CCF}.Release|Any CPU.Build.0 = Release|Any CPU
	EndGlobalSection
	GlobalSection(SolutionProperties) = preSolution
		HideSolutionNode = FALSE
	EndGlobalSection
	GlobalSection(ExtensibilityGlobals) = postSolution
		SolutionGuid = {8F81F401-55E2-4504-AC91-DE4E79041CBC}
	EndGlobalSection
	GlobalSection(SharedMSBuildProjectFiles) = preSolution
		Atividade.SharedProject\Atividade.SharedProject.projitems*{750ed350-f6a5-4213-8bb4-5f30ed008070}*SharedItemsImports = 13
		Atividade.SharedProject\Atividade.SharedProject.projitems*{94eb56f1-4ec6-461f-affb-2a9b401f3ccf}*SharedItemsImports = 4
	EndGlobalSection
EndGlobal
